
Microsoft Visual Studio Solution File, Format Version 12.00
# Visual Studio Version 17
VisualStudioVersion = 17.7.34003.232
MinimumVisualStudioVersion = 10.0.40219.1
Project("{FAE04EC0-301F-11D3-BF4B-00C04F79EFBC}") = "WPFCRUD", "WPFCRUD\WPFCRUD.csproj", "{D437846C-BD46-4A37-BE03-786BE17796BA}"
EndProject
Global
	GlobalSection(SolutionConfigurationPlatforms) = preSolution
		Debug|Any CPU = Debug|Any CPU
		Release|Any CPU = Release|Any CPU
	EndGlobalSection
	GlobalSection(ProjectConfigurationPlatforms) = postSolution
		{D437846C-BD46-4A37-BE03-786BE17796BA}.Debug|Any CPU.ActiveCfg = Debug|Any CPU
		{D437846C-BD46-4A37-BE03-786BE17796BA}.Debug|Any CPU.Build.0 = Debug|Any CPU
		{D437846C-BD46-4A37-BE03-786BE17796BA}.Release|Any CPU.ActiveCfg = Release|Any CPU
		{D437846C-BD46-4A37-BE03-786BE17796BA}.Release|Any CPU.Build.0 = Release|Any CPU
	EndGlobalSection
	GlobalSection(SolutionProperties) = preSolution
		HideSolutionNode = FALSE
	EndGlobalSection
	GlobalSection(ExtensibilityGlobals) = postSolution
		SolutionGuid = {6A4145FE-05E8-4928-903A-CFDBECE1220E}
	EndGlobalSection
EndGlobal
